
Microsoft Visual Studio Solution File, Format Version 12.00
# Visual Studio 15
VisualStudioVersion = 15.0.28307.757
MinimumVisualStudioVersion = 10.0.40219.1
Project("{888888A0-9F3D-457C-B088-3A5042F75D52}") = "Connection test email notification", "Connection test email notification\Connection test email notification.pyproj", "{2C543784-33F5-4893-A5C5-11A69F29EE1D}"
EndProject
Global
	GlobalSection(SolutionConfigurationPlatforms) = preSolution
		Debug|Any CPU = Debug|Any CPU
		Release|Any CPU = Release|Any CPU
	EndGlobalSection
	GlobalSection(ProjectConfigurationPlatforms) = postSolution
		{2C543784-33F5-4893-A5C5-11A69F29EE1D}.Debug|Any CPU.ActiveCfg = Debug|Any CPU
		{2C543784-33F5-4893-A5C5-11A69F29EE1D}.Release|Any CPU.ActiveCfg = Release|Any CPU
	EndGlobalSection
	GlobalSection(SolutionProperties) = preSolution
		HideSolutionNode = FALSE
	EndGlobalSection
	GlobalSection(ExtensibilityGlobals) = postSolution
		SolutionGuid = {50F76C5E-0742-443D-8811-424363B4CBC8}
	EndGlobalSection
EndGlobal
